
Microsoft Visual Studio Solution File, Format Version 12.00
# Visual Studio Version 17
VisualStudioVersion = 17.9.34622.214
MinimumVisualStudioVersion = 10.0.40219.1
Project("{FAE04EC0-301F-11D3-BF4B-00C04F79EFBC}") = "TechBlog.Web", "TechBlog.Web.csproj", "{992EC0C2-8DB7-447E-AEA2-9F5C38C1FF01}"
EndProject
Global
	GlobalSection(SolutionConfigurationPlatforms) = preSolution
		Debug|Any CPU = Debug|Any CPU
		Release|Any CPU = Release|Any CPU
	EndGlobalSection
	GlobalSection(ProjectConfigurationPlatforms) = postSolution
		{992EC0C2-8DB7-447E-AEA2-9F5C38C1FF01}.Debug|Any CPU.ActiveCfg = Debug|Any CPU
		{992EC0C2-8DB7-447E-AEA2-9F5C38C1FF01}.Debug|Any CPU.Build.0 = Debug|Any CPU
		{992EC0C2-8DB7-447E-AEA2-9F5C38C1FF01}.Release|Any CPU.ActiveCfg = Release|Any CPU
		{992EC0C2-8DB7-447E-AEA2-9F5C38C1FF01}.Release|Any CPU.Build.0 = Release|Any CPU
	EndGlobalSection
	GlobalSection(SolutionProperties) = preSolution
		HideSolutionNode = FALSE
	EndGlobalSection
	GlobalSection(ExtensibilityGlobals) = postSolution
		SolutionGuid = {1399E161-7AC7-4BA2-95AC-BA8A51DAA886}
	EndGlobalSection
EndGlobal
