
Microsoft Visual Studio Solution File, Format Version 12.00
# Visual Studio Version 17
VisualStudioVersion = 17.9.34622.214
MinimumVisualStudioVersion = 10.0.40219.1
Project("{9A19103F-16F7-4668-BE54-9A1E7A4F7556}") = "TechBlog.Web", "TechBlog.Web.csproj", "{992EC0C2-8DB7-447E-AEA2-9F5C38C1FF01}"
EndProject
Project("{9A19103F-16F7-4668-BE54-9A1E7A4F7556}") = "TechBlog.Models", "..\TechBlog.Models\TechBlog.Models.csproj", "{7A86D0FA-73BB-4953-8A05-916A2E631A5B}"
EndProject
Project("{9A19103F-16F7-4668-BE54-9A1E7A4F7556}") = "TechBlog.Business", "..\TechBlog.Business\TechBlog.Business.csproj", "{21857875-D732-4641-A5A1-25FFEC77FD00}"
EndProject
Project("{9A19103F-16F7-4668-BE54-9A1E7A4F7556}") = "TechBlog.Data", "..\TechBlog.Data\TechBlog.Data.csproj", "{6E39CE56-CF3B-4898-A4DC-46FA11DFA188}"
EndProject
Project("{9A19103F-16F7-4668-BE54-9A1E7A4F7556}") = "TechBlog.Repository", "..\TechBlog.Repository\TechBlog.Repository.csproj", "{31C4EE8A-D076-4CF0-A245-3689C8FB7D5D}"
EndProject
Global
	GlobalSection(SolutionConfigurationPlatforms) = preSolution
		Debug|Any CPU = Debug|Any CPU
		Release|Any CPU = Release|Any CPU
	EndGlobalSection
	GlobalSection(ProjectConfigurationPlatforms) = postSolution
		{992EC0C2-8DB7-447E-AEA2-9F5C38C1FF01}.Debug|Any CPU.ActiveCfg = Debug|Any CPU
		{992EC0C2-8DB7-447E-AEA2-9F5C38C1FF01}.Debug|Any CPU.Build.0 = Debug|Any CPU
		{992EC0C2-8DB7-447E-AEA2-9F5C38C1FF01}.Release|Any CPU.ActiveCfg = Release|Any CPU
		{992EC0C2-8DB7-447E-AEA2-9F5C38C1FF01}.Release|Any CPU.Build.0 = Release|Any CPU
		{7A86D0FA-73BB-4953-8A05-916A2E631A5B}.Debug|Any CPU.ActiveCfg = Debug|Any CPU
		{7A86D0FA-73BB-4953-8A05-916A2E631A5B}.Debug|Any CPU.Build.0 = Debug|Any CPU
		{7A86D0FA-73BB-4953-8A05-916A2E631A5B}.Release|Any CPU.ActiveCfg = Release|Any CPU
		{7A86D0FA-73BB-4953-8A05-916A2E631A5B}.Release|Any CPU.Build.0 = Release|Any CPU
		{21857875-D732-4641-A5A1-25FFEC77FD00}.Debug|Any CPU.ActiveCfg = Debug|Any CPU
		{21857875-D732-4641-A5A1-25FFEC77FD00}.Debug|Any CPU.Build.0 = Debug|Any CPU
		{21857875-D732-4641-A5A1-25FFEC77FD00}.Release|Any CPU.ActiveCfg = Release|Any CPU
		{21857875-D732-4641-A5A1-25FFEC77FD00}.Release|Any CPU.Build.0 = Release|Any CPU
		{6E39CE56-CF3B-4898-A4DC-46FA11DFA188}.Debug|Any CPU.ActiveCfg = Debug|Any CPU
		{6E39CE56-CF3B-4898-A4DC-46FA11DFA188}.Debug|Any CPU.Build.0 = Debug|Any CPU
		{6E39CE56-CF3B-4898-A4DC-46FA11DFA188}.Release|Any CPU.ActiveCfg = Release|Any CPU
		{6E39CE56-CF3B-4898-A4DC-46FA11DFA188}.Release|Any CPU.Build.0 = Release|Any CPU
		{31C4EE8A-D076-4CF0-A245-3689C8FB7D5D}.Debug|Any CPU.ActiveCfg = Debug|Any CPU
		{31C4EE8A-D076-4CF0-A245-3689C8FB7D5D}.Debug|Any CPU.Build.0 = Debug|Any CPU
		{31C4EE8A-D076-4CF0-A245-3689C8FB7D5D}.Release|Any CPU.ActiveCfg = Release|Any CPU
		{31C4EE8A-D076-4CF0-A245-3689C8FB7D5D}.Release|Any CPU.Build.0 = Release|Any CPU
	EndGlobalSection
	GlobalSection(SolutionProperties) = preSolution
		HideSolutionNode = FALSE
	EndGlobalSection
	GlobalSection(ExtensibilityGlobals) = postSolution
		SolutionGuid = {1399E161-7AC7-4BA2-95AC-BA8A51DAA886}
	EndGlobalSection
EndGlobal
